
Microsoft Visual Studio Solution File, Format Version 12.00
# Visual Studio Version 17
VisualStudioVersion = 17.10.34928.147
MinimumVisualStudioVersion = 10.0.40219.1
Project("{FAE04EC0-301F-11D3-BF4B-00C04F79EFBC}") = "LeetCodeProblems", "LeetCodeProblems\LeetCodeProblems.csproj", "{5CBECB88-8A2B-41ED-A576-B7DBE479354C}"
EndProject
Global
	GlobalSection(SolutionConfigurationPlatforms) = preSolution
		Debug|Any CPU = Debug|Any CPU
		Release|Any CPU = Release|Any CPU
	EndGlobalSection
	GlobalSection(ProjectConfigurationPlatforms) = postSolution
		{5CBECB88-8A2B-41ED-A576-B7DBE479354C}.Debug|Any CPU.ActiveCfg = Debug|Any CPU
		{5CBECB88-8A2B-41ED-A576-B7DBE479354C}.Debug|Any CPU.Build.0 = Debug|Any CPU
		{5CBECB88-8A2B-41ED-A576-B7DBE479354C}.Release|Any CPU.ActiveCfg = Release|Any CPU
		{5CBECB88-8A2B-41ED-A576-B7DBE479354C}.Release|Any CPU.Build.0 = Release|Any CPU
	EndGlobalSection
	GlobalSection(SolutionProperties) = preSolution
		HideSolutionNode = FALSE
	EndGlobalSection
	GlobalSection(ExtensibilityGlobals) = postSolution
		SolutionGuid = {BBBD92C9-788D-47BE-B5A2-602DCB509E95}
	EndGlobalSection
EndGlobal
